// !$*UTF8*$!
{
	archiveVersion = 1;
	classes = {
	};
	objectVersion = 56;
	objects = {

/* Begin PBXBuildFile section */
		602A10972B9D6B6300F65D7F /* StatsViewController.swift in Sources */ = {isa = PBXBuildFile; fileRef = 602A10962B9D6B6300F65D7F /* StatsViewController.swift */; };
		602A10992B9D6BF300F65D7F /* TabBarController.swift in Sources */ = {isa = PBXBuildFile; fileRef = 602A10982B9D6BF300F65D7F /* TabBarController.swift */; };
		602C41AB2BA7EC9B0033713F /* TrackerTypeViewController.swift in Sources */ = {isa = PBXBuildFile; fileRef = 602C41AA2BA7EC9B0033713F /* TrackerTypeViewController.swift */; };
		602C41AD2BA7F58A0033713F /* CollectionConstants.swift in Sources */ = {isa = PBXBuildFile; fileRef = 602C41AC2BA7F58A0033713F /* CollectionConstants.swift */; };
		602C41AF2BA815E20033713F /* TrackerOptionsMenuViewController.swift in Sources */ = {isa = PBXBuildFile; fileRef = 602C41AE2BA815E20033713F /* TrackerOptionsMenuViewController.swift */; };
		602C41B22BA8170F0033713F /* TrackerCreationHelper.swift in Sources */ = {isa = PBXBuildFile; fileRef = 602C41B12BA8170F0033713F /* TrackerCreationHelper.swift */; };
		602C41B42BA823250033713F /* TrackerOptionsTableViewCell.swift in Sources */ = {isa = PBXBuildFile; fileRef = 602C41B32BA823250033713F /* TrackerOptionsTableViewCell.swift */; };
		603BAC8F2BAA94A4006F81D4 /* EmojiCollectionViewCell.swift in Sources */ = {isa = PBXBuildFile; fileRef = 603BAC8E2BAA94A4006F81D4 /* EmojiCollectionViewCell.swift */; };
		603BAC912BAA980A006F81D4 /* ColorCollectionViewCell.swift in Sources */ = {isa = PBXBuildFile; fileRef = 603BAC902BAA980A006F81D4 /* ColorCollectionViewCell.swift */; };
		603BAC932BAACCF2006F81D4 /* CollectionHeader.swift in Sources */ = {isa = PBXBuildFile; fileRef = 603BAC922BAACCF2006F81D4 /* CollectionHeader.swift */; };
		603BAC952BAAD57F006F81D4 /* GeometricParams.swift in Sources */ = {isa = PBXBuildFile; fileRef = 603BAC942BAAD57F006F81D4 /* GeometricParams.swift */; };
		60526A832BA3F4E300B4DE14 /* Tracker.swift in Sources */ = {isa = PBXBuildFile; fileRef = 60526A822BA3F4E300B4DE14 /* Tracker.swift */; };
		60526A852BA3F4EC00B4DE14 /* TrackerCategory.swift in Sources */ = {isa = PBXBuildFile; fileRef = 60526A842BA3F4EC00B4DE14 /* TrackerCategory.swift */; };
		60526A872BA3F4F300B4DE14 /* TrackerRecord.swift in Sources */ = {isa = PBXBuildFile; fileRef = 60526A862BA3F4F300B4DE14 /* TrackerRecord.swift */; };
		60FB4AA42B9AEF3F0058AED1 /* AppDelegate.swift in Sources */ = {isa = PBXBuildFile; fileRef = 60FB4AA32B9AEF3F0058AED1 /* AppDelegate.swift */; };
		60FB4AA62B9AEF3F0058AED1 /* SceneDelegate.swift in Sources */ = {isa = PBXBuildFile; fileRef = 60FB4AA52B9AEF3F0058AED1 /* SceneDelegate.swift */; };
		60FB4AA82B9AEF3F0058AED1 /* TrackersViewController.swift in Sources */ = {isa = PBXBuildFile; fileRef = 60FB4AA72B9AEF3F0058AED1 /* TrackersViewController.swift */; };
		60FB4AAE2B9AEF3F0058AED1 /* TrackerApp.xcdatamodeld in Sources */ = {isa = PBXBuildFile; fileRef = 60FB4AAC2B9AEF3F0058AED1 /* TrackerApp.xcdatamodeld */; };
		60FB4AB02B9AEF400058AED1 /* Assets.xcassets in Resources */ = {isa = PBXBuildFile; fileRef = 60FB4AAF2B9AEF400058AED1 /* Assets.xcassets */; };
		60FB4AB32B9AEF400058AED1 /* LaunchScreen.storyboard in Resources */ = {isa = PBXBuildFile; fileRef = 60FB4AB12B9AEF400058AED1 /* LaunchScreen.storyboard */; };
/* End PBXBuildFile section */

/* Begin PBXFileReference section */
		602A10962B9D6B6300F65D7F /* StatsViewController.swift */ = {isa = PBXFileReference; lastKnownFileType = sourcecode.swift; path = StatsViewController.swift; sourceTree = "<group>"; };
		602A10982B9D6BF300F65D7F /* TabBarController.swift */ = {isa = PBXFileReference; lastKnownFileType = sourcecode.swift; path = TabBarController.swift; sourceTree = "<group>"; };
		602C41AA2BA7EC9B0033713F /* TrackerTypeViewController.swift */ = {isa = PBXFileReference; lastKnownFileType = sourcecode.swift; path = TrackerTypeViewController.swift; sourceTree = "<group>"; };
		602C41AC2BA7F58A0033713F /* CollectionConstants.swift */ = {isa = PBXFileReference; lastKnownFileType = sourcecode.swift; path = CollectionConstants.swift; sourceTree = "<group>"; };
		602C41AE2BA815E20033713F /* TrackerOptionsMenuViewController.swift */ = {isa = PBXFileReference; lastKnownFileType = sourcecode.swift; path = TrackerOptionsMenuViewController.swift; sourceTree = "<group>"; };
		602C41B12BA8170F0033713F /* TrackerCreationHelper.swift */ = {isa = PBXFileReference; lastKnownFileType = sourcecode.swift; path = TrackerCreationHelper.swift; sourceTree = "<group>"; };
		602C41B32BA823250033713F /* TrackerOptionsTableViewCell.swift */ = {isa = PBXFileReference; lastKnownFileType = sourcecode.swift; path = TrackerOptionsTableViewCell.swift; sourceTree = "<group>"; };
		603BAC8E2BAA94A4006F81D4 /* EmojiCollectionViewCell.swift */ = {isa = PBXFileReference; lastKnownFileType = sourcecode.swift; path = EmojiCollectionViewCell.swift; sourceTree = "<group>"; };
		603BAC902BAA980A006F81D4 /* ColorCollectionViewCell.swift */ = {isa = PBXFileReference; lastKnownFileType = sourcecode.swift; path = ColorCollectionViewCell.swift; sourceTree = "<group>"; };
		603BAC922BAACCF2006F81D4 /* CollectionHeader.swift */ = {isa = PBXFileReference; lastKnownFileType = sourcecode.swift; path = CollectionHeader.swift; sourceTree = "<group>"; };
		603BAC942BAAD57F006F81D4 /* GeometricParams.swift */ = {isa = PBXFileReference; lastKnownFileType = sourcecode.swift; path = GeometricParams.swift; sourceTree = "<group>"; };
		60526A822BA3F4E300B4DE14 /* Tracker.swift */ = {isa = PBXFileReference; lastKnownFileType = sourcecode.swift; path = Tracker.swift; sourceTree = "<group>"; };
		60526A842BA3F4EC00B4DE14 /* TrackerCategory.swift */ = {isa = PBXFileReference; lastKnownFileType = sourcecode.swift; path = TrackerCategory.swift; sourceTree = "<group>"; };
		60526A862BA3F4F300B4DE14 /* TrackerRecord.swift */ = {isa = PBXFileReference; lastKnownFileType = sourcecode.swift; path = TrackerRecord.swift; sourceTree = "<group>"; };
		60FB4AA02B9AEF3F0058AED1 /* TrackerApp.app */ = {isa = PBXFileReference; explicitFileType = wrapper.application; includeInIndex = 0; path = TrackerApp.app; sourceTree = BUILT_PRODUCTS_DIR; };
		60FB4AA32B9AEF3F0058AED1 /* AppDelegate.swift */ = {isa = PBXFileReference; lastKnownFileType = sourcecode.swift; path = AppDelegate.swift; sourceTree = "<group>"; };
		60FB4AA52B9AEF3F0058AED1 /* SceneDelegate.swift */ = {isa = PBXFileReference; lastKnownFileType = sourcecode.swift; path = SceneDelegate.swift; sourceTree = "<group>"; };
		60FB4AA72B9AEF3F0058AED1 /* TrackersViewController.swift */ = {isa = PBXFileReference; lastKnownFileType = sourcecode.swift; path = TrackersViewController.swift; sourceTree = "<group>"; };
		60FB4AAD2B9AEF3F0058AED1 /* TrackerApp.xcdatamodel */ = {isa = PBXFileReference; lastKnownFileType = wrapper.xcdatamodel; path = TrackerApp.xcdatamodel; sourceTree = "<group>"; };
		60FB4AAF2B9AEF400058AED1 /* Assets.xcassets */ = {isa = PBXFileReference; lastKnownFileType = folder.assetcatalog; path = Assets.xcassets; sourceTree = "<group>"; };
		60FB4AB22B9AEF400058AED1 /* Base */ = {isa = PBXFileReference; lastKnownFileType = file.storyboard; name = Base; path = Base.lproj/LaunchScreen.storyboard; sourceTree = "<group>"; };
		60FB4AB42B9AEF400058AED1 /* Info.plist */ = {isa = PBXFileReference; lastKnownFileType = text.plist.xml; path = Info.plist; sourceTree = "<group>"; };
/* End PBXFileReference section */

/* Begin PBXFrameworksBuildPhase section */
		60FB4A9D2B9AEF3F0058AED1 /* Frameworks */ = {
			isa = PBXFrameworksBuildPhase;
			buildActionMask = 2147483647;
			files = (
			);
			runOnlyForDeploymentPostprocessing = 0;
		};
/* End PBXFrameworksBuildPhase section */

/* Begin PBXGroup section */
		602C41B02BA817020033713F /* Helpers */ = {
			isa = PBXGroup;
			children = (
				602C41B12BA8170F0033713F /* TrackerCreationHelper.swift */,
				603BAC942BAAD57F006F81D4 /* GeometricParams.swift */,
			);
			path = Helpers;
			sourceTree = "<group>";
		};
		60526A812BA3F49500B4DE14 /* Models */ = {
			isa = PBXGroup;
			children = (
				60526A822BA3F4E300B4DE14 /* Tracker.swift */,
				60526A842BA3F4EC00B4DE14 /* TrackerCategory.swift */,
				60526A862BA3F4F300B4DE14 /* TrackerRecord.swift */,
				602C41B32BA823250033713F /* TrackerOptionsTableViewCell.swift */,
				603BAC8E2BAA94A4006F81D4 /* EmojiCollectionViewCell.swift */,
				603BAC902BAA980A006F81D4 /* ColorCollectionViewCell.swift */,
				603BAC922BAACCF2006F81D4 /* CollectionHeader.swift */,
			);
			path = Models;
			sourceTree = "<group>";
		};
		60624AEF2B9D6A7D00F1E7CA /* Controllers */ = {
			isa = PBXGroup;
			children = (
				60FB4AA72B9AEF3F0058AED1 /* TrackersViewController.swift */,
				602A10962B9D6B6300F65D7F /* StatsViewController.swift */,
				602A10982B9D6BF300F65D7F /* TabBarController.swift */,
				602C41AA2BA7EC9B0033713F /* TrackerTypeViewController.swift */,
				602C41AE2BA815E20033713F /* TrackerOptionsMenuViewController.swift */,
			);
			path = Controllers;
			sourceTree = "<group>";
		};
		60FB4A972B9AEF3F0058AED1 = {
			isa = PBXGroup;
			children = (
				60FB4AA22B9AEF3F0058AED1 /* TrackerApp */,
				60FB4AA12B9AEF3F0058AED1 /* Products */,
			);
			sourceTree = "<group>";
		};
		60FB4AA12B9AEF3F0058AED1 /* Products */ = {
			isa = PBXGroup;
			children = (
				60FB4AA02B9AEF3F0058AED1 /* TrackerApp.app */,
			);
			name = Products;
			sourceTree = "<group>";
		};
		60FB4AA22B9AEF3F0058AED1 /* TrackerApp */ = {
			isa = PBXGroup;
			children = (
				602C41B02BA817020033713F /* Helpers */,
				60526A812BA3F49500B4DE14 /* Models */,
				60624AEF2B9D6A7D00F1E7CA /* Controllers */,
				60FB4AA32B9AEF3F0058AED1 /* AppDelegate.swift */,
				60FB4AA52B9AEF3F0058AED1 /* SceneDelegate.swift */,
				60FB4AAF2B9AEF400058AED1 /* Assets.xcassets */,
				60FB4AB12B9AEF400058AED1 /* LaunchScreen.storyboard */,
				60FB4AB42B9AEF400058AED1 /* Info.plist */,
				60FB4AAC2B9AEF3F0058AED1 /* TrackerApp.xcdatamodeld */,
				602C41AC2BA7F58A0033713F /* CollectionConstants.swift */,
			);
			path = TrackerApp;
			sourceTree = "<group>";
		};
/* End PBXGroup section */

/* Begin PBXNativeTarget section */
		60FB4A9F2B9AEF3F0058AED1 /* TrackerApp */ = {
			isa = PBXNativeTarget;
			buildConfigurationList = 60FB4AB72B9AEF400058AED1 /* Build configuration list for PBXNativeTarget "TrackerApp" */;
			buildPhases = (
				60FB4A9C2B9AEF3F0058AED1 /* Sources */,
				60FB4A9D2B9AEF3F0058AED1 /* Frameworks */,
				60FB4A9E2B9AEF3F0058AED1 /* Resources */,
			);
			buildRules = (
			);
			dependencies = (
			);
			name = TrackerApp;
			productName = TrackerApp;
			productReference = 60FB4AA02B9AEF3F0058AED1 /* TrackerApp.app */;
			productType = "com.apple.product-type.application";
		};
/* End PBXNativeTarget section */

/* Begin PBXProject section */
		60FB4A982B9AEF3F0058AED1 /* Project object */ = {
			isa = PBXProject;
			attributes = {
				BuildIndependentTargetsInParallel = 1;
				LastSwiftUpdateCheck = 1520;
				LastUpgradeCheck = 1520;
				TargetAttributes = {
					60FB4A9F2B9AEF3F0058AED1 = {
						CreatedOnToolsVersion = 15.2;
					};
				};
			};
			buildConfigurationList = 60FB4A9B2B9AEF3F0058AED1 /* Build configuration list for PBXProject "TrackerApp" */;
			compatibilityVersion = "Xcode 14.0";
			developmentRegion = en;
			hasScannedForEncodings = 0;
			knownRegions = (
				en,
				Base,
			);
			mainGroup = 60FB4A972B9AEF3F0058AED1;
			productRefGroup = 60FB4AA12B9AEF3F0058AED1 /* Products */;
			projectDirPath = "";
			projectRoot = "";
			targets = (
				60FB4A9F2B9AEF3F0058AED1 /* TrackerApp */,
			);
		};
/* End PBXProject section */

/* Begin PBXResourcesBuildPhase section */
		60FB4A9E2B9AEF3F0058AED1 /* Resources */ = {
			isa = PBXResourcesBuildPhase;
			buildActionMask = 2147483647;
			files = (
				60FB4AB32B9AEF400058AED1 /* LaunchScreen.storyboard in Resources */,
				60FB4AB02B9AEF400058AED1 /* Assets.xcassets in Resources */,
			);
			runOnlyForDeploymentPostprocessing = 0;
		};
/* End PBXResourcesBuildPhase section */

/* Begin PBXSourcesBuildPhase section */
		60FB4A9C2B9AEF3F0058AED1 /* Sources */ = {
			isa = PBXSourcesBuildPhase;
			buildActionMask = 2147483647;
			files = (
				60FB4AAE2B9AEF3F0058AED1 /* TrackerApp.xcdatamodeld in Sources */,
				602C41AD2BA7F58A0033713F /* CollectionConstants.swift in Sources */,
				60FB4AA82B9AEF3F0058AED1 /* TrackersViewController.swift in Sources */,
				60526A852BA3F4EC00B4DE14 /* TrackerCategory.swift in Sources */,
				602C41B22BA8170F0033713F /* TrackerCreationHelper.swift in Sources */,
				602C41B42BA823250033713F /* TrackerOptionsTableViewCell.swift in Sources */,
				60FB4AA42B9AEF3F0058AED1 /* AppDelegate.swift in Sources */,
				603BAC932BAACCF2006F81D4 /* CollectionHeader.swift in Sources */,
				603BAC8F2BAA94A4006F81D4 /* EmojiCollectionViewCell.swift in Sources */,
				602A10992B9D6BF300F65D7F /* TabBarController.swift in Sources */,
				602C41AB2BA7EC9B0033713F /* TrackerTypeViewController.swift in Sources */,
				60526A872BA3F4F300B4DE14 /* TrackerRecord.swift in Sources */,
				602A10972B9D6B6300F65D7F /* StatsViewController.swift in Sources */,
				602C41AF2BA815E20033713F /* TrackerOptionsMenuViewController.swift in Sources */,
				60FB4AA62B9AEF3F0058AED1 /* SceneDelegate.swift in Sources */,
				603BAC952BAAD57F006F81D4 /* GeometricParams.swift in Sources */,
				603BAC912BAA980A006F81D4 /* ColorCollectionViewCell.swift in Sources */,
				60526A832BA3F4E300B4DE14 /* Tracker.swift in Sources */,
			);
			runOnlyForDeploymentPostprocessing = 0;
		};
/* End PBXSourcesBuildPhase section */

/* Begin PBXVariantGroup section */
		60FB4AB12B9AEF400058AED1 /* LaunchScreen.storyboard */ = {
			isa = PBXVariantGroup;
			children = (
				60FB4AB22B9AEF400058AED1 /* Base */,
			);
			name = LaunchScreen.storyboard;
			sourceTree = "<group>";
		};
/* End PBXVariantGroup section */

/* Begin XCBuildConfiguration section */
		60FB4AB52B9AEF400058AED1 /* Debug */ = {
			isa = XCBuildConfiguration;
			buildSettings = {
				ALWAYS_SEARCH_USER_PATHS = NO;
				ASSETCATALOG_COMPILER_GENERATE_SWIFT_ASSET_SYMBOL_EXTENSIONS = YES;
				CLANG_ANALYZER_NONNULL = YES;
				CLANG_ANALYZER_NUMBER_OBJECT_CONVERSION = YES_AGGRESSIVE;
				CLANG_CXX_LANGUAGE_STANDARD = "gnu++20";
				CLANG_ENABLE_MODULES = YES;
				CLANG_ENABLE_OBJC_ARC = YES;
				CLANG_ENABLE_OBJC_WEAK = YES;
				CLANG_WARN_BLOCK_CAPTURE_AUTORELEASING = YES;
				CLANG_WARN_BOOL_CONVERSION = YES;
				CLANG_WARN_COMMA = YES;
				CLANG_WARN_CONSTANT_CONVERSION = YES;
				CLANG_WARN_DEPRECATED_OBJC_IMPLEMENTATIONS = YES;
				CLANG_WARN_DIRECT_OBJC_ISA_USAGE = YES_ERROR;
				CLANG_WARN_DOCUMENTATION_COMMENTS = YES;
				CLANG_WARN_EMPTY_BODY = YES;
				CLANG_WARN_ENUM_CONVERSION = YES;
				CLANG_WARN_INFINITE_RECURSION = YES;
				CLANG_WARN_INT_CONVERSION = YES;
				CLANG_WARN_NON_LITERAL_NULL_CONVERSION = YES;
				CLANG_WARN_OBJC_IMPLICIT_RETAIN_SELF = YES;
				CLANG_WARN_OBJC_LITERAL_CONVERSION = YES;
				CLANG_WARN_OBJC_ROOT_CLASS = YES_ERROR;
				CLANG_WARN_QUOTED_INCLUDE_IN_FRAMEWORK_HEADER = YES;
				CLANG_WARN_RANGE_LOOP_ANALYSIS = YES;
				CLANG_WARN_STRICT_PROTOTYPES = YES;
				CLANG_WARN_SUSPICIOUS_MOVE = YES;
				CLANG_WARN_UNGUARDED_AVAILABILITY = YES_AGGRESSIVE;
				CLANG_WARN_UNREACHABLE_CODE = YES;
				CLANG_WARN__DUPLICATE_METHOD_MATCH = YES;
				COPY_PHASE_STRIP = NO;
				DEBUG_INFORMATION_FORMAT = dwarf;
				ENABLE_STRICT_OBJC_MSGSEND = YES;
				ENABLE_TESTABILITY = YES;
				ENABLE_USER_SCRIPT_SANDBOXING = YES;
				GCC_C_LANGUAGE_STANDARD = gnu17;
				GCC_DYNAMIC_NO_PIC = NO;
				GCC_NO_COMMON_BLOCKS = YES;
				GCC_OPTIMIZATION_LEVEL = 0;
				GCC_PREPROCESSOR_DEFINITIONS = (
					"DEBUG=1",
					"$(inherited)",
				);
				GCC_WARN_64_TO_32_BIT_CONVERSION = YES;
				GCC_WARN_ABOUT_RETURN_TYPE = YES_ERROR;
				GCC_WARN_UNDECLARED_SELECTOR = YES;
				GCC_WARN_UNINITIALIZED_AUTOS = YES_AGGRESSIVE;
				GCC_WARN_UNUSED_FUNCTION = YES;
				GCC_WARN_UNUSED_VARIABLE = YES;
				IPHONEOS_DEPLOYMENT_TARGET = 17.2;
				LOCALIZATION_PREFERS_STRING_CATALOGS = YES;
				MTL_ENABLE_DEBUG_INFO = INCLUDE_SOURCE;
				MTL_FAST_MATH = YES;
				ONLY_ACTIVE_ARCH = YES;
				SDKROOT = iphoneos;
				SWIFT_ACTIVE_COMPILATION_CONDITIONS = "DEBUG $(inherited)";
				SWIFT_OPTIMIZATION_LEVEL = "-Onone";
			};
			name = Debug;
		};
		60FB4AB62B9AEF400058AED1 /* Release */ = {
			isa = XCBuildConfiguration;
			buildSettings = {
				ALWAYS_SEARCH_USER_PATHS = NO;
				ASSETCATALOG_COMPILER_GENERATE_SWIFT_ASSET_SYMBOL_EXTENSIONS = YES;
				CLANG_ANALYZER_NONNULL = YES;
				CLANG_ANALYZER_NUMBER_OBJECT_CONVERSION = YES_AGGRESSIVE;
				CLANG_CXX_LANGUAGE_STANDARD = "gnu++20";
				CLANG_ENABLE_MODULES = YES;
				CLANG_ENABLE_OBJC_ARC = YES;
				CLANG_ENABLE_OBJC_WEAK = YES;
				CLANG_WARN_BLOCK_CAPTURE_AUTORELEASING = YES;
				CLANG_WARN_BOOL_CONVERSION = YES;
				CLANG_WARN_COMMA = YES;
				CLANG_WARN_CONSTANT_CONVERSION = YES;
				CLANG_WARN_DEPRECATED_OBJC_IMPLEMENTATIONS = YES;
				CLANG_WARN_DIRECT_OBJC_ISA_USAGE = YES_ERROR;
				CLANG_WARN_DOCUMENTATION_COMMENTS = YES;
				CLANG_WARN_EMPTY_BODY = YES;
				CLANG_WARN_ENUM_CONVERSION = YES;
				CLANG_WARN_INFINITE_RECURSION = YES;
				CLANG_WARN_INT_CONVERSION = YES;
				CLANG_WARN_NON_LITERAL_NULL_CONVERSION = YES;
				CLANG_WARN_OBJC_IMPLICIT_RETAIN_SELF = YES;
				CLANG_WARN_OBJC_LITERAL_CONVERSION = YES;
				CLANG_WARN_OBJC_ROOT_CLASS = YES_ERROR;
				CLANG_WARN_QUOTED_INCLUDE_IN_FRAMEWORK_HEADER = YES;
				CLANG_WARN_RANGE_LOOP_ANALYSIS = YES;
				CLANG_WARN_STRICT_PROTOTYPES = YES;
				CLANG_WARN_SUSPICIOUS_MOVE = YES;
				CLANG_WARN_UNGUARDED_AVAILABILITY = YES_AGGRESSIVE;
				CLANG_WARN_UNREACHABLE_CODE = YES;
				CLANG_WARN__DUPLICATE_METHOD_MATCH = YES;
				COPY_PHASE_STRIP = NO;
				DEBUG_INFORMATION_FORMAT = "dwarf-with-dsym";
				ENABLE_NS_ASSERTIONS = NO;
				ENABLE_STRICT_OBJC_MSGSEND = YES;
				ENABLE_USER_SCRIPT_SANDBOXING = YES;
				GCC_C_LANGUAGE_STANDARD = gnu17;
				GCC_NO_COMMON_BLOCKS = YES;
				GCC_WARN_64_TO_32_BIT_CONVERSION = YES;
				GCC_WARN_ABOUT_RETURN_TYPE = YES_ERROR;
				GCC_WARN_UNDECLARED_SELECTOR = YES;
				GCC_WARN_UNINITIALIZED_AUTOS = YES_AGGRESSIVE;
				GCC_WARN_UNUSED_FUNCTION = YES;
				GCC_WARN_UNUSED_VARIABLE = YES;
				IPHONEOS_DEPLOYMENT_TARGET = 17.2;
				LOCALIZATION_PREFERS_STRING_CATALOGS = YES;
				MTL_ENABLE_DEBUG_INFO = NO;
				MTL_FAST_MATH = YES;
				SDKROOT = iphoneos;
				SWIFT_COMPILATION_MODE = wholemodule;
				VALIDATE_PRODUCT = YES;
			};
			name = Release;
		};
		60FB4AB82B9AEF400058AED1 /* Debug */ = {
			isa = XCBuildConfiguration;
			buildSettings = {
				ASSETCATALOG_COMPILER_APPICON_NAME = AppIcon;
				ASSETCATALOG_COMPILER_GLOBAL_ACCENT_COLOR_NAME = AccentColor;
				CODE_SIGN_STYLE = Automatic;
				CURRENT_PROJECT_VERSION = 1;
				DEVELOPMENT_TEAM = NHXHQXR6YS;
				GENERATE_INFOPLIST_FILE = YES;
				INFOPLIST_FILE = TrackerApp/Info.plist;
				INFOPLIST_KEY_UIApplicationSupportsIndirectInputEvents = YES;
				INFOPLIST_KEY_UILaunchStoryboardName = LaunchScreen;
				INFOPLIST_KEY_UISupportedInterfaceOrientations = UIInterfaceOrientationPortrait;
				INFOPLIST_KEY_UISupportedInterfaceOrientations_iPad = "UIInterfaceOrientationLandscapeLeft UIInterfaceOrientationLandscapeRight UIInterfaceOrientationPortrait UIInterfaceOrientationPortraitUpsideDown";
				IPHONEOS_DEPLOYMENT_TARGET = 13.4;
				LD_RUNPATH_SEARCH_PATHS = (
					"$(inherited)",
					"@executable_path/Frameworks",
				);
				MARKETING_VERSION = 1.0;
				PRODUCT_BUNDLE_IDENTIFIER = com.vv.TrackerApp;
				PRODUCT_NAME = "$(TARGET_NAME)";
				SUPPORTED_PLATFORMS = "iphoneos iphonesimulator";
				SUPPORTS_MACCATALYST = NO;
				SUPPORTS_MAC_DESIGNED_FOR_IPHONE_IPAD = NO;
				SUPPORTS_XR_DESIGNED_FOR_IPHONE_IPAD = NO;
				SWIFT_EMIT_LOC_STRINGS = YES;
				SWIFT_VERSION = 5.0;
				TARGETED_DEVICE_FAMILY = 1;
			};
			name = Debug;
		};
		60FB4AB92B9AEF400058AED1 /* Release */ = {
			isa = XCBuildConfiguration;
			buildSettings = {
				ASSETCATALOG_COMPILER_APPICON_NAME = AppIcon;
				ASSETCATALOG_COMPILER_GLOBAL_ACCENT_COLOR_NAME = AccentColor;
				CODE_SIGN_STYLE = Automatic;
				CURRENT_PROJECT_VERSION = 1;
				DEVELOPMENT_TEAM = NHXHQXR6YS;
				GENERATE_INFOPLIST_FILE = YES;
				INFOPLIST_FILE = TrackerApp/Info.plist;
				INFOPLIST_KEY_UIApplicationSupportsIndirectInputEvents = YES;
				INFOPLIST_KEY_UILaunchStoryboardName = LaunchScreen;
				INFOPLIST_KEY_UISupportedInterfaceOrientations = UIInterfaceOrientationPortrait;
				INFOPLIST_KEY_UISupportedInterfaceOrientations_iPad = "UIInterfaceOrientationLandscapeLeft UIInterfaceOrientationLandscapeRight UIInterfaceOrientationPortrait UIInterfaceOrientationPortraitUpsideDown";
				IPHONEOS_DEPLOYMENT_TARGET = 13.4;
				LD_RUNPATH_SEARCH_PATHS = (
					"$(inherited)",
					"@executable_path/Frameworks",
				);
				MARKETING_VERSION = 1.0;
				PRODUCT_BUNDLE_IDENTIFIER = com.vv.TrackerApp;
				PRODUCT_NAME = "$(TARGET_NAME)";
				SUPPORTED_PLATFORMS = "iphoneos iphonesimulator";
				SUPPORTS_MACCATALYST = NO;
				SUPPORTS_MAC_DESIGNED_FOR_IPHONE_IPAD = NO;
				SUPPORTS_XR_DESIGNED_FOR_IPHONE_IPAD = NO;
				SWIFT_EMIT_LOC_STRINGS = YES;
				SWIFT_VERSION = 5.0;
				TARGETED_DEVICE_FAMILY = 1;
			};
			name = Release;
		};
/* End XCBuildConfiguration section */

/* Begin XCConfigurationList section */
		60FB4A9B2B9AEF3F0058AED1 /* Build configuration list for PBXProject "TrackerApp" */ = {
			isa = XCConfigurationList;
			buildConfigurations = (
				60FB4AB52B9AEF400058AED1 /* Debug */,
				60FB4AB62B9AEF400058AED1 /* Release */,
			);
			defaultConfigurationIsVisible = 0;
			defaultConfigurationName = Release;
		};
		60FB4AB72B9AEF400058AED1 /* Build configuration list for PBXNativeTarget "TrackerApp" */ = {
			isa = XCConfigurationList;
			buildConfigurations = (
				60FB4AB82B9AEF400058AED1 /* Debug */,
				60FB4AB92B9AEF400058AED1 /* Release */,
			);
			defaultConfigurationIsVisible = 0;
			defaultConfigurationName = Release;
		};
/* End XCConfigurationList section */

/* Begin XCVersionGroup section */
		60FB4AAC2B9AEF3F0058AED1 /* TrackerApp.xcdatamodeld */ = {
			isa = XCVersionGroup;
			children = (
				60FB4AAD2B9AEF3F0058AED1 /* TrackerApp.xcdatamodel */,
			);
			currentVersion = 60FB4AAD2B9AEF3F0058AED1 /* TrackerApp.xcdatamodel */;
			path = TrackerApp.xcdatamodeld;
			sourceTree = "<group>";
			versionGroupType = wrapper.xcdatamodel;
		};
/* End XCVersionGroup section */
	};
	rootObject = 60FB4A982B9AEF3F0058AED1 /* Project object */;
}
